// !$*UTF8*$!
{
	archiveVersion = 1;
	classes = {
	};
	objectVersion = 46;
	objects = {

/* Begin PBXBuildFile section */
		8EC523C41AF0625F00A7768D /* AppDelegate.swift in Sources */ = {isa = PBXBuildFile; fileRef = 8EC523C31AF0625F00A7768D /* AppDelegate.swift */; };
		8EC523C61AF0625F00A7768D /* ViewController.swift in Sources */ = {isa = PBXBuildFile; fileRef = 8EC523C51AF0625F00A7768D /* ViewController.swift */; };
		8EC523C91AF0625F00A7768D /* Main.storyboard in Resources */ = {isa = PBXBuildFile; fileRef = 8EC523C71AF0625F00A7768D /* Main.storyboard */; };
		8EC523CB1AF0625F00A7768D /* Images.xcassets in Resources */ = {isa = PBXBuildFile; fileRef = 8EC523CA1AF0625F00A7768D /* Images.xcassets */; };
		8EC523CE1AF0625F00A7768D /* LaunchScreen.xib in Resources */ = {isa = PBXBuildFile; fileRef = 8EC523CC1AF0625F00A7768D /* LaunchScreen.xib */; };
		8EC523DA1AF0625F00A7768D /* BlurDemoTests.swift in Sources */ = {isa = PBXBuildFile; fileRef = 8EC523D91AF0625F00A7768D /* BlurDemoTests.swift */; };
/* End PBXBuildFile section */

/* Begin PBXContainerItemProxy section */
		8EC523D41AF0625F00A7768D /* PBXContainerItemProxy */ = {
			isa = PBXContainerItemProxy;
			containerPortal = 8EC523B61AF0625F00A7768D /* Project object */;
			proxyType = 1;
			remoteGlobalIDString = 8EC523BD1AF0625F00A7768D;
			remoteInfo = BlurDemo;
		};
/* End PBXContainerItemProxy section */

/* Begin PBXFileReference section */
		8EC523BE1AF0625F00A7768D /* BlurDemo.app */ = {isa = PBXFileReference; explicitFileType = wrapper.application; includeInIndex = 0; path = BlurDemo.app; sourceTree = BUILT_PRODUCTS_DIR; };
		8EC523C21AF0625F00A7768D /* Info.plist */ = {isa = PBXFileReference; lastKnownFileType = text.plist.xml; path = Info.plist; sourceTree = "<group>"; };
		8EC523C31AF0625F00A7768D /* AppDelegate.swift */ = {isa = PBXFileReference; lastKnownFileType = sourcecode.swift; path = AppDelegate.swift; sourceTree = "<group>"; };
		8EC523C51AF0625F00A7768D /* ViewController.swift */ = {isa = PBXFileReference; lastKnownFileType = sourcecode.swift; path = ViewController.swift; sourceTree = "<group>"; };
		8EC523C81AF0625F00A7768D /* Base */ = {isa = PBXFileReference; lastKnownFileType = file.storyboard; name = Base; path = Base.lproj/Main.storyboard; sourceTree = "<group>"; };
		8EC523CA1AF0625F00A7768D /* Images.xcassets */ = {isa = PBXFileReference; lastKnownFileType = folder.assetcatalog; path = Images.xcassets; sourceTree = "<group>"; };
		8EC523CD1AF0625F00A7768D /* Base */ = {isa = PBXFileReference; lastKnownFileType = file.xib; name = Base; path = Base.lproj/LaunchScreen.xib; sourceTree = "<group>"; };
		8EC523D31AF0625F00A7768D /* BlurDemoTests.xctest */ = {isa = PBXFileReference; explicitFileType = wrapper.cfbundle; includeInIndex = 0; path = BlurDemoTests.xctest; sourceTree = BUILT_PRODUCTS_DIR; };
		8EC523D81AF0625F00A7768D /* Info.plist */ = {isa = PBXFileReference; lastKnownFileType = text.plist.xml; path = Info.plist; sourceTree = "<group>"; };
		8EC523D91AF0625F00A7768D /* BlurDemoTests.swift */ = {isa = PBXFileReference; lastKnownFileType = sourcecode.swift; path = BlurDemoTests.swift; sourceTree = "<group>"; };
/* End PBXFileReference section */

/* Begin PBXFrameworksBuildPhase section */
		8EC523BB1AF0625F00A7768D /* Frameworks */ = {
			isa = PBXFrameworksBuildPhase;
			buildActionMask = 2147483647;
			files = (
			);
			runOnlyForDeploymentPostprocessing = 0;
		};
		8EC523D01AF0625F00A7768D /* Frameworks */ = {
			isa = PBXFrameworksBuildPhase;
			buildActionMask = 2147483647;
			files = (
			);
			runOnlyForDeploymentPostprocessing = 0;
		};
/* End PBXFrameworksBuildPhase section */

/* Begin PBXGroup section */
		8EC523B51AF0625F00A7768D = {
			isa = PBXGroup;
			children = (
				8EC523C01AF0625F00A7768D /* BlurDemo */,
				8EC523D61AF0625F00A7768D /* BlurDemoTests */,
				8EC523BF1AF0625F00A7768D /* Products */,
			);
			sourceTree = "<group>";
		};
		8EC523BF1AF0625F00A7768D /* Products */ = {
			isa = PBXGroup;
			children = (
				8EC523BE1AF0625F00A7768D /* BlurDemo.app */,
				8EC523D31AF0625F00A7768D /* BlurDemoTests.xctest */,
			);
			name = Products;
			sourceTree = "<group>";
		};
		8EC523C01AF0625F00A7768D /* BlurDemo */ = {
			isa = PBXGroup;
			children = (
				8EC523C31AF0625F00A7768D /* AppDelegate.swift */,
				8EC523C51AF0625F00A7768D /* ViewController.swift */,
				8EC523C71AF0625F00A7768D /* Main.storyboard */,
				8EC523CA1AF0625F00A7768D /* Images.xcassets */,
				8EC523CC1AF0625F00A7768D /* LaunchScreen.xib */,
				8EC523C11AF0625F00A7768D /* Supporting Files */,
			);
			path = BlurDemo;
			sourceTree = "<group>";
		};
		8EC523C11AF0625F00A7768D /* Supporting Files */ = {
			isa = PBXGroup;
			children = (
				8EC523C21AF0625F00A7768D /* Info.plist */,
			);
			name = "Supporting Files";
			sourceTree = "<group>";
		};
		8EC523D61AF0625F00A7768D /* BlurDemoTests */ = {
			isa = PBXGroup;
			children = (
				8EC523D91AF0625F00A7768D /* BlurDemoTests.swift */,
				8EC523D71AF0625F00A7768D /* Supporting Files */,
			);
			path = BlurDemoTests;
			sourceTree = "<group>";
		};
		8EC523D71AF0625F00A7768D /* Supporting Files */ = {
			isa = PBXGroup;
			children = (
				8EC523D81AF0625F00A7768D /* Info.plist */,
			);
			name = "Supporting Files";
			sourceTree = "<group>";
		};
/* End PBXGroup section */

/* Begin PBXNativeTarget section */
		8EC523BD1AF0625F00A7768D /* BlurDemo */ = {
			isa = PBXNativeTarget;
			buildConfigurationList = 8EC523DD1AF0625F00A7768D /* Build configuration list for PBXNativeTarget "BlurDemo" */;
			buildPhases = (
				8EC523BA1AF0625F00A7768D /* Sources */,
				8EC523BB1AF0625F00A7768D /* Frameworks */,
				8EC523BC1AF0625F00A7768D /* Resources */,
			);
			buildRules = (
			);
			dependencies = (
			);
			name = BlurDemo;
			productName = BlurDemo;
			productReference = 8EC523BE1AF0625F00A7768D /* BlurDemo.app */;
			productType = "com.apple.product-type.application";
		};
		8EC523D21AF0625F00A7768D /* BlurDemoTests */ = {
			isa = PBXNativeTarget;
			buildConfigurationList = 8EC523E01AF0625F00A7768D /* Build configuration list for PBXNativeTarget "BlurDemoTests" */;
			buildPhases = (
				8EC523CF1AF0625F00A7768D /* Sources */,
				8EC523D01AF0625F00A7768D /* Frameworks */,
				8EC523D11AF0625F00A7768D /* Resources */,
			);
			buildRules = (
			);
			dependencies = (
				8EC523D51AF0625F00A7768D /* PBXTargetDependency */,
			);
			name = BlurDemoTests;
			productName = BlurDemoTests;
			productReference = 8EC523D31AF0625F00A7768D /* BlurDemoTests.xctest */;
			productType = "com.apple.product-type.bundle.unit-test";
		};
/* End PBXNativeTarget section */

/* Begin PBXProject section */
		8EC523B61AF0625F00A7768D /* Project object */ = {
			isa = PBXProject;
			attributes = {
				LastUpgradeCheck = 0630;
				ORGANIZATIONNAME = Technophile;
				TargetAttributes = {
					8EC523BD1AF0625F00A7768D = {
						CreatedOnToolsVersion = 6.3;
					};
					8EC523D21AF0625F00A7768D = {
						CreatedOnToolsVersion = 6.3;
						TestTargetID = 8EC523BD1AF0625F00A7768D;
					};
				};
			};
			buildConfigurationList = 8EC523B91AF0625F00A7768D /* Build configuration list for PBXProject "BlurDemo" */;
			compatibilityVersion = "Xcode 3.2";
			developmentRegion = English;
			hasScannedForEncodings = 0;
			knownRegions = (
				en,
				Base,
			);
			mainGroup = 8EC523B51AF0625F00A7768D;
			productRefGroup = 8EC523BF1AF0625F00A7768D /* Products */;
			projectDirPath = "";
			projectRoot = "";
			targets = (
				8EC523BD1AF0625F00A7768D /* BlurDemo */,
				8EC523D21AF0625F00A7768D /* BlurDemoTests */,
			);
		};
/* End PBXProject section */

/* Begin PBXResourcesBuildPhase section */
		8EC523BC1AF0625F00A7768D /* Resources */ = {
			isa = PBXResourcesBuildPhase;
			buildActionMask = 2147483647;
			files = (
				8EC523C91AF0625F00A7768D /* Main.storyboard in Resources */,
				8EC523CE1AF0625F00A7768D /* LaunchScreen.xib in Resources */,
				8EC523CB1AF0625F00A7768D /* Images.xcassets in Resources */,
			);
			runOnlyForDeploymentPostprocessing = 0;
		};
		8EC523D11AF0625F00A7768D /* Resources */ = {
			isa = PBXResourcesBuildPhase;
			buildActionMask = 2147483647;
			files = (
			);
			runOnlyForDeploymentPostprocessing = 0;
		};
/* End PBXResourcesBuildPhase section */

/* Begin PBXSourcesBuildPhase section */
		8EC523BA1AF0625F00A7768D /* Sources */ = {
			isa = PBXSourcesBuildPhase;
			buildActionMask = 2147483647;
			files = (
				8EC523C61AF0625F00A7768D /* ViewController.swift in Sources */,
				8EC523C41AF0625F00A7768D /* AppDelegate.swift in Sources */,
			);
			runOnlyForDeploymentPostprocessing = 0;
		};
		8EC523CF1AF0625F00A7768D /* Sources */ = {
			isa = PBXSourcesBuildPhase;
			buildActionMask = 2147483647;
			files = (
				8EC523DA1AF0625F00A7768D /* BlurDemoTests.swift in Sources */,
			);
			runOnlyForDeploymentPostprocessing = 0;
		};
/* End PBXSourcesBuildPhase section */

/* Begin PBXTargetDependency section */
		8EC523D51AF0625F00A7768D /* PBXTargetDependency */ = {
			isa = PBXTargetDependency;
			target = 8EC523BD1AF0625F00A7768D /* BlurDemo */;
			targetProxy = 8EC523D41AF0625F00A7768D /* PBXContainerItemProxy */;
		};
/* End PBXTargetDependency section */

/* Begin PBXVariantGroup section */
		8EC523C71AF0625F00A7768D /* Main.storyboard */ = {
			isa = PBXVariantGroup;
			children = (
				8EC523C81AF0625F00A7768D /* Base */,
			);
			name = Main.storyboard;
			sourceTree = "<group>";
		};
		8EC523CC1AF0625F00A7768D /* LaunchScreen.xib */ = {
			isa = PBXVariantGroup;
			children = (
				8EC523CD1AF0625F00A7768D /* Base */,
			);
			name = LaunchScreen.xib;
			sourceTree = "<group>";
		};
/* End PBXVariantGroup section */

/* Begin XCBuildConfiguration section */
		8EC523DB1AF0625F00A7768D /* Debug */ = {
			isa = XCBuildConfiguration;
			buildSettings = {
				ALWAYS_SEARCH_USER_PATHS = NO;
				CLANG_CXX_LANGUAGE_STANDARD = "gnu++0x";
				CLANG_CXX_LIBRARY = "libc++";
				CLANG_ENABLE_MODULES = YES;
				CLANG_ENABLE_OBJC_ARC = YES;
				CLANG_WARN_BOOL_CONVERSION = YES;
				CLANG_WARN_CONSTANT_CONVERSION = YES;
				CLANG_WARN_DIRECT_OBJC_ISA_USAGE = YES_ERROR;
				CLANG_WARN_EMPTY_BODY = YES;
				CLANG_WARN_ENUM_CONVERSION = YES;
				CLANG_WARN_INT_CONVERSION = YES;
				CLANG_WARN_OBJC_ROOT_CLASS = YES_ERROR;
				CLANG_WARN_UNREACHABLE_CODE = YES;
				CLANG_WARN__DUPLICATE_METHOD_MATCH = YES;
				"CODE_SIGN_IDENTITY[sdk=iphoneos*]" = "iPhone Developer";
				COPY_PHASE_STRIP = NO;
				DEBUG_INFORMATION_FORMAT = "dwarf-with-dsym";
				ENABLE_STRICT_OBJC_MSGSEND = YES;
				GCC_C_LANGUAGE_STANDARD = gnu99;
				GCC_DYNAMIC_NO_PIC = NO;
				GCC_NO_COMMON_BLOCKS = YES;
				GCC_OPTIMIZATION_LEVEL = 0;
				GCC_PREPROCESSOR_DEFINITIONS = (
					"DEBUG=1",
					"$(inherited)",
				);
				GCC_SYMBOLS_PRIVATE_EXTERN = NO;
				GCC_WARN_64_TO_32_BIT_CONVERSION = YES;
				GCC_WARN_ABOUT_RETURN_TYPE = YES_ERROR;
				GCC_WARN_UNDECLARED_SELECTOR = YES;
				GCC_WARN_UNINITIALIZED_AUTOS = YES_AGGRESSIVE;
				GCC_WARN_UNUSED_FUNCTION = YES;
				GCC_WARN_UNUSED_VARIABLE = YES;
				IPHONEOS_DEPLOYMENT_TARGET = 8.3;
				MTL_ENABLE_DEBUG_INFO = YES;
				ONLY_ACTIVE_ARCH = YES;
				SDKROOT = iphoneos;
				SWIFT_OPTIMIZATION_LEVEL = "-Onone";
			};
			name = Debug;
		};
		8EC523DC1AF0625F00A7768D /* Release */ = {
			isa = XCBuildConfiguration;
			buildSettings = {
				ALWAYS_SEARCH_USER_PATHS = NO;
				CLANG_CXX_LANGUAGE_STANDARD = "gnu++0x";
				CLANG_CXX_LIBRARY = "libc++";
				CLANG_ENABLE_MODULES = YES;
				CLANG_ENABLE_OBJC_ARC = YES;
				CLANG_WARN_BOOL_CONVERSION = YES;
				CLANG_WARN_CONSTANT_CONVERSION = YES;
				CLANG_WARN_DIRECT_OBJC_ISA_USAGE = YES_ERROR;
				CLANG_WARN_EMPTY_BODY = YES;
				CLANG_WARN_ENUM_CONVERSION = YES;
				CLANG_WARN_INT_CONVERSION = YES;
				CLANG_WARN_OBJC_ROOT_CLASS = YES_ERROR;
				CLANG_WARN_UNREACHABLE_CODE = YES;
				CLANG_WARN__DUPLICATE_METHOD_MATCH = YES;
				"CODE_SIGN_IDENTITY[sdk=iphoneos*]" = "iPhone Developer";
				COPY_PHASE_STRIP = NO;
				DEBUG_INFORMATION_FORMAT = "dwarf-with-dsym";
				ENABLE_NS_ASSERTIONS = NO;
				ENABLE_STRICT_OBJC_MSGSEND = YES;
				GCC_C_LANGUAGE_STANDARD = gnu99;
				GCC_NO_COMMON_BLOCKS = YES;
				GCC_WARN_64_TO_32_BIT_CONVERSION = YES;
				GCC_WARN_ABOUT_RETURN_TYPE = YES_ERROR;
				GCC_WARN_UNDECLARED_SELECTOR = YES;
				GCC_WARN_UNINITIALIZED_AUTOS = YES_AGGRESSIVE;
				GCC_WARN_UNUSED_FUNCTION = YES;
				GCC_WARN_UNUSED_VARIABLE = YES;
				IPHONEOS_DEPLOYMENT_TARGET = 8.3;
				MTL_ENABLE_DEBUG_INFO = NO;
				SDKROOT = iphoneos;
				VALIDATE_PRODUCT = YES;
			};
			name = Release;
		};
		8EC523DE1AF0625F00A7768D /* Debug */ = {
			isa = XCBuildConfiguration;
			buildSettings = {
				ASSETCATALOG_COMPILER_APPICON_NAME = AppIcon;
				INFOPLIST_FILE = BlurDemo/Info.plist;
				LD_RUNPATH_SEARCH_PATHS = "$(inherited) @executable_path/Frameworks";
				PRODUCT_NAME = "$(TARGET_NAME)";
			};
			name = Debug;
		};
		8EC523DF1AF0625F00A7768D /* Release */ = {
			isa = XCBuildConfiguration;
			buildSettings = {
				ASSETCATALOG_COMPILER_APPICON_NAME = AppIcon;
				INFOPLIST_FILE = BlurDemo/Info.plist;
				LD_RUNPATH_SEARCH_PATHS = "$(inherited) @executable_path/Frameworks";
				PRODUCT_NAME = "$(TARGET_NAME)";
			};
			name = Release;
		};
		8EC523E11AF0625F00A7768D /* Debug */ = {
			isa = XCBuildConfiguration;
			buildSettings = {
				BUNDLE_LOADER = "$(TEST_HOST)";
				FRAMEWORK_SEARCH_PATHS = (
					"$(SDKROOT)/Developer/Library/Frameworks",
					"$(inherited)",
				);
				GCC_PREPROCESSOR_DEFINITIONS = (
					"DEBUG=1",
					"$(inherited)",
				);
				INFOPLIST_FILE = BlurDemoTests/Info.plist;
				LD_RUNPATH_SEARCH_PATHS = "$(inherited) @executable_path/Frameworks @loader_path/Frameworks";
				PRODUCT_NAME = "$(TARGET_NAME)";
				TEST_HOST = "$(BUILT_PRODUCTS_DIR)/BlurDemo.app/BlurDemo";
			};
			name = Debug;
		};
		8EC523E21AF0625F00A7768D /* Release */ = {
			isa = XCBuildConfiguration;
			buildSettings = {
				BUNDLE_LOADER = "$(TEST_HOST)";
				FRAMEWORK_SEARCH_PATHS = (
					"$(SDKROOT)/Developer/Library/Frameworks",
					"$(inherited)",
				);
				INFOPLIST_FILE = BlurDemoTests/Info.plist;
				LD_RUNPATH_SEARCH_PATHS = "$(inherited) @executable_path/Frameworks @loader_path/Frameworks";
				PRODUCT_NAME = "$(TARGET_NAME)";
				TEST_HOST = "$(BUILT_PRODUCTS_DIR)/BlurDemo.app/BlurDemo";
			};
			name = Release;
		};
/* End XCBuildConfiguration section */

/* Begin XCConfigurationList section */
		8EC523B91AF0625F00A7768D /* Build configuration list for PBXProject "BlurDemo" */ = {
			isa = XCConfigurationList;
			buildConfigurations = (
				8EC523DB1AF0625F00A7768D /* Debug */,
				8EC523DC1AF0625F00A7768D /* Release */,
			);
			defaultConfigurationIsVisible = 0;
			defaultConfigurationName = Release;
		};
		8EC523DD1AF0625F00A7768D /* Build configuration list for PBXNativeTarget "BlurDemo" */ = {
			isa = XCConfigurationList;
			buildConfigurations = (
				8EC523DE1AF0625F00A7768D /* Debug */,
				8EC523DF1AF0625F00A7768D /* Release */,
			);
			defaultConfigurationIsVisible = 0;
		};
		8EC523E01AF0625F00A7768D /* Build configuration list for PBXNativeTarget "BlurDemoTests" */ = {
			isa = XCConfigurationList;
			buildConfigurations = (
				8EC523E11AF0625F00A7768D /* Debug */,
				8EC523E21AF0625F00A7768D /* Release */,
			);
			defaultConfigurationIsVisible = 0;
		};
/* End XCConfigurationList section */
	};
	rootObject = 8EC523B61AF0625F00A7768D /* Project object */;
}
